// !$*UTF8*$!
{
	archiveVersion = 1;
	classes = {
	};
	objectVersion = 55;
	objects = {

/* Begin PBXBuildFile section */
		4149232128D2562700B308D7 /* VideoListItemComponent.swift in Sources */ = {isa = PBXBuildFile; fileRef = 4149232028D2562700B308D7 /* VideoListItemComponent.swift */; };
		4149232328D3B1AE00B308D7 /* VideoPlayerComponent.swift in Sources */ = {isa = PBXBuildFile; fileRef = 4149232228D3B1AE00B308D7 /* VideoPlayerComponent.swift */; };
		4149232628D3B50D00B308D7 /* VideoPlayerHelper.swift in Sources */ = {isa = PBXBuildFile; fileRef = 4149232528D3B50D00B308D7 /* VideoPlayerHelper.swift */; };
		4149232828D6C86100B308D7 /* LocationModel.swift in Sources */ = {isa = PBXBuildFile; fileRef = 4149232728D6C86100B308D7 /* LocationModel.swift */; };
		4176E22928BA140100DC42D2 /* animals.json in Resources */ = {isa = PBXBuildFile; fileRef = 4176E22528BA13FF00DC42D2 /* animals.json */; };
		4176E22A28BA140100DC42D2 /* videos.json in Resources */ = {isa = PBXBuildFile; fileRef = 4176E22628BA140000DC42D2 /* videos.json */; };
		4176E22B28BA140100DC42D2 /* covers.json in Resources */ = {isa = PBXBuildFile; fileRef = 4176E22728BA140000DC42D2 /* covers.json */; };
		4176E22C28BA140100DC42D2 /* locations.json in Resources */ = {isa = PBXBuildFile; fileRef = 4176E22828BA140100DC42D2 /* locations.json */; };
		4176E22E28BA142500DC42D2 /* CoverImageModel.swift in Sources */ = {isa = PBXBuildFile; fileRef = 4176E22D28BA142500DC42D2 /* CoverImageModel.swift */; };
		4176E23128BA3F6700DC42D2 /* CodableBundleExtension.swift in Sources */ = {isa = PBXBuildFile; fileRef = 4176E23028BA3F6700DC42D2 /* CodableBundleExtension.swift */; };
		4176E23528BA666500DC42D2 /* AnimalLsitComponent.swift in Sources */ = {isa = PBXBuildFile; fileRef = 4176E23428BA666500DC42D2 /* AnimalLsitComponent.swift */; };
		41948D6528B90F510091E343 /* AfricaApp.swift in Sources */ = {isa = PBXBuildFile; fileRef = 41948D6428B90F510091E343 /* AfricaApp.swift */; };
		41948D6728B90F510091E343 /* ContentView.swift in Sources */ = {isa = PBXBuildFile; fileRef = 41948D6628B90F510091E343 /* ContentView.swift */; };
		41948D6928B90F540091E343 /* Assets.xcassets in Resources */ = {isa = PBXBuildFile; fileRef = 41948D6828B90F540091E343 /* Assets.xcassets */; };
		41948D6C28B90F540091E343 /* Preview Assets.xcassets in Resources */ = {isa = PBXBuildFile; fileRef = 41948D6B28B90F540091E343 /* Preview Assets.xcassets */; };
		41948D8128B911C00091E343 /* lion.mp4 in Resources */ = {isa = PBXBuildFile; fileRef = 41948D7728B911BC0091E343 /* lion.mp4 */; };
		41948D8228B911C00091E343 /* ostrich.mp4 in Resources */ = {isa = PBXBuildFile; fileRef = 41948D7828B911BC0091E343 /* ostrich.mp4 */; };
		41948D8328B911C00091E343 /* elephant.mp4 in Resources */ = {isa = PBXBuildFile; fileRef = 41948D7928B911BD0091E343 /* elephant.mp4 */; };
		41948D8428B911C00091E343 /* gorilla.mp4 in Resources */ = {isa = PBXBuildFile; fileRef = 41948D7A28B911BD0091E343 /* gorilla.mp4 */; };
		41948D8528B911C00091E343 /* cheetah.mp4 in Resources */ = {isa = PBXBuildFile; fileRef = 41948D7B28B911BE0091E343 /* cheetah.mp4 */; };
		41948D8628B911C00091E343 /* hippo.mp4 in Resources */ = {isa = PBXBuildFile; fileRef = 41948D7C28B911BE0091E343 /* hippo.mp4 */; };
		41948D8728B911C00091E343 /* zebra.mp4 in Resources */ = {isa = PBXBuildFile; fileRef = 41948D7D28B911BE0091E343 /* zebra.mp4 */; };
		41948D8828B911C00091E343 /* giraffe.mp4 in Resources */ = {isa = PBXBuildFile; fileRef = 41948D7E28B911BF0091E343 /* giraffe.mp4 */; };
		41948D8928B911C00091E343 /* lioness.mp4 in Resources */ = {isa = PBXBuildFile; fileRef = 41948D7F28B911BF0091E343 /* lioness.mp4 */; };
		41948D8A28B911C00091E343 /* rhino.mp4 in Resources */ = {isa = PBXBuildFile; fileRef = 41948D8028B911C00091E343 /* rhino.mp4 */; };
		41948D8D28B96E550091E343 /* VideoListView.swift in Sources */ = {isa = PBXBuildFile; fileRef = 41948D8C28B96E550091E343 /* VideoListView.swift */; };
		41948D8F28B96E900091E343 /* GalleryView.swift in Sources */ = {isa = PBXBuildFile; fileRef = 41948D8E28B96E900091E343 /* GalleryView.swift */; };
		41948D9128B96E9E0091E343 /* MapView.swift in Sources */ = {isa = PBXBuildFile; fileRef = 41948D9028B96E9E0091E343 /* MapView.swift */; };
		41948D9328B96EAC0091E343 /* MainView.swift in Sources */ = {isa = PBXBuildFile; fileRef = 41948D9228B96EAC0091E343 /* MainView.swift */; };
		41948D9728B973E50091E343 /* CoverImageComponent.swift in Sources */ = {isa = PBXBuildFile; fileRef = 41948D9628B973E50091E343 /* CoverImageComponent.swift */; };
		41B708D528BAAF29007C39A0 /* AnimalModel.swift in Sources */ = {isa = PBXBuildFile; fileRef = 41B708D428BAAF29007C39A0 /* AnimalModel.swift */; };
		41B708D728BB194E007C39A0 /* AnimalDetailComponent.swift in Sources */ = {isa = PBXBuildFile; fileRef = 41B708D628BB194E007C39A0 /* AnimalDetailComponent.swift */; };
		41B708D928BBAC95007C39A0 /* HeadingComponent.swift in Sources */ = {isa = PBXBuildFile; fileRef = 41B708D828BBAC95007C39A0 /* HeadingComponent.swift */; };
		41B708DB28C75350007C39A0 /* InsetGalleryComponent.swift in Sources */ = {isa = PBXBuildFile; fileRef = 41B708DA28C75350007C39A0 /* InsetGalleryComponent.swift */; };
		41B708DD28C79AE9007C39A0 /* InsetFactComponent.swift in Sources */ = {isa = PBXBuildFile; fileRef = 41B708DC28C79AE9007C39A0 /* InsetFactComponent.swift */; };
		41B708DF28C91828007C39A0 /* lnsetMapComponent.swift in Sources */ = {isa = PBXBuildFile; fileRef = 41B708DE28C91828007C39A0 /* lnsetMapComponent.swift */; };
		41B708E128C99B3A007C39A0 /* ExternalWebComponent.swift in Sources */ = {isa = PBXBuildFile; fileRef = 41B708E028C99B39007C39A0 /* ExternalWebComponent.swift */; };
		41B708E328D226F2007C39A0 /* VideoModel.swift in Sources */ = {isa = PBXBuildFile; fileRef = 41B708E228D226F2007C39A0 /* VideoModel.swift */; };
/* End PBXBuildFile section */

/* Begin PBXFileReference section */
		4149232028D2562700B308D7 /* VideoListItemComponent.swift */ = {isa = PBXFileReference; lastKnownFileType = sourcecode.swift; path = VideoListItemComponent.swift; sourceTree = "<group>"; };
		4149232228D3B1AE00B308D7 /* VideoPlayerComponent.swift */ = {isa = PBXFileReference; lastKnownFileType = sourcecode.swift; path = VideoPlayerComponent.swift; sourceTree = "<group>"; };
		4149232528D3B50D00B308D7 /* VideoPlayerHelper.swift */ = {isa = PBXFileReference; lastKnownFileType = sourcecode.swift; path = VideoPlayerHelper.swift; sourceTree = "<group>"; };
		4149232728D6C86100B308D7 /* LocationModel.swift */ = {isa = PBXFileReference; lastKnownFileType = sourcecode.swift; path = LocationModel.swift; sourceTree = "<group>"; };
		4176E22528BA13FF00DC42D2 /* animals.json */ = {isa = PBXFileReference; fileEncoding = 4; lastKnownFileType = text.json; path = animals.json; sourceTree = "<group>"; };
		4176E22628BA140000DC42D2 /* videos.json */ = {isa = PBXFileReference; fileEncoding = 4; lastKnownFileType = text.json; path = videos.json; sourceTree = "<group>"; };
		4176E22728BA140000DC42D2 /* covers.json */ = {isa = PBXFileReference; fileEncoding = 4; lastKnownFileType = text.json; path = covers.json; sourceTree = "<group>"; };
		4176E22828BA140100DC42D2 /* locations.json */ = {isa = PBXFileReference; fileEncoding = 4; lastKnownFileType = text.json; path = locations.json; sourceTree = "<group>"; };
		4176E22D28BA142500DC42D2 /* CoverImageModel.swift */ = {isa = PBXFileReference; lastKnownFileType = sourcecode.swift; path = CoverImageModel.swift; sourceTree = "<group>"; };
		4176E23028BA3F6700DC42D2 /* CodableBundleExtension.swift */ = {isa = PBXFileReference; lastKnownFileType = sourcecode.swift; path = CodableBundleExtension.swift; sourceTree = "<group>"; };
		4176E23428BA666500DC42D2 /* AnimalLsitComponent.swift */ = {isa = PBXFileReference; lastKnownFileType = sourcecode.swift; path = AnimalLsitComponent.swift; sourceTree = "<group>"; };
		41948D6128B90F510091E343 /* Africa.app */ = {isa = PBXFileReference; explicitFileType = wrapper.application; includeInIndex = 0; path = Africa.app; sourceTree = BUILT_PRODUCTS_DIR; };
		41948D6428B90F510091E343 /* AfricaApp.swift */ = {isa = PBXFileReference; lastKnownFileType = sourcecode.swift; path = AfricaApp.swift; sourceTree = "<group>"; };
		41948D6628B90F510091E343 /* ContentView.swift */ = {isa = PBXFileReference; lastKnownFileType = sourcecode.swift; path = ContentView.swift; sourceTree = "<group>"; };
		41948D6828B90F540091E343 /* Assets.xcassets */ = {isa = PBXFileReference; lastKnownFileType = folder.assetcatalog; path = Assets.xcassets; sourceTree = "<group>"; };
		41948D6B28B90F540091E343 /* Preview Assets.xcassets */ = {isa = PBXFileReference; lastKnownFileType = folder.assetcatalog; path = "Preview Assets.xcassets"; sourceTree = "<group>"; };
		41948D7728B911BC0091E343 /* lion.mp4 */ = {isa = PBXFileReference; lastKnownFileType = file; path = lion.mp4; sourceTree = "<group>"; };
		41948D7828B911BC0091E343 /* ostrich.mp4 */ = {isa = PBXFileReference; lastKnownFileType = file; path = ostrich.mp4; sourceTree = "<group>"; };
		41948D7928B911BD0091E343 /* elephant.mp4 */ = {isa = PBXFileReference; lastKnownFileType = file; path = elephant.mp4; sourceTree = "<group>"; };
		41948D7A28B911BD0091E343 /* gorilla.mp4 */ = {isa = PBXFileReference; lastKnownFileType = file; path = gorilla.mp4; sourceTree = "<group>"; };
		41948D7B28B911BE0091E343 /* cheetah.mp4 */ = {isa = PBXFileReference; lastKnownFileType = file; path = cheetah.mp4; sourceTree = "<group>"; };
		41948D7C28B911BE0091E343 /* hippo.mp4 */ = {isa = PBXFileReference; lastKnownFileType = file; path = hippo.mp4; sourceTree = "<group>"; };
		41948D7D28B911BE0091E343 /* zebra.mp4 */ = {isa = PBXFileReference; lastKnownFileType = file; path = zebra.mp4; sourceTree = "<group>"; };
		41948D7E28B911BF0091E343 /* giraffe.mp4 */ = {isa = PBXFileReference; lastKnownFileType = file; path = giraffe.mp4; sourceTree = "<group>"; };
		41948D7F28B911BF0091E343 /* lioness.mp4 */ = {isa = PBXFileReference; lastKnownFileType = file; path = lioness.mp4; sourceTree = "<group>"; };
		41948D8028B911C00091E343 /* rhino.mp4 */ = {isa = PBXFileReference; lastKnownFileType = file; path = rhino.mp4; sourceTree = "<group>"; };
		41948D8B28B912DF0091E343 /* Info.plist */ = {isa = PBXFileReference; lastKnownFileType = text.plist; path = Info.plist; sourceTree = "<group>"; };
		41948D8C28B96E550091E343 /* VideoListView.swift */ = {isa = PBXFileReference; lastKnownFileType = sourcecode.swift; path = VideoListView.swift; sourceTree = "<group>"; };
		41948D8E28B96E900091E343 /* GalleryView.swift */ = {isa = PBXFileReference; lastKnownFileType = sourcecode.swift; path = GalleryView.swift; sourceTree = "<group>"; };
		41948D9028B96E9E0091E343 /* MapView.swift */ = {isa = PBXFileReference; lastKnownFileType = sourcecode.swift; path = MapView.swift; sourceTree = "<group>"; };
		41948D9228B96EAC0091E343 /* MainView.swift */ = {isa = PBXFileReference; lastKnownFileType = sourcecode.swift; path = MainView.swift; sourceTree = "<group>"; };
		41948D9628B973E50091E343 /* CoverImageComponent.swift */ = {isa = PBXFileReference; lastKnownFileType = sourcecode.swift; path = CoverImageComponent.swift; sourceTree = "<group>"; };
		41B708D428BAAF29007C39A0 /* AnimalModel.swift */ = {isa = PBXFileReference; lastKnownFileType = sourcecode.swift; path = AnimalModel.swift; sourceTree = "<group>"; };
		41B708D628BB194E007C39A0 /* AnimalDetailComponent.swift */ = {isa = PBXFileReference; lastKnownFileType = sourcecode.swift; path = AnimalDetailComponent.swift; sourceTree = "<group>"; };
		41B708D828BBAC95007C39A0 /* HeadingComponent.swift */ = {isa = PBXFileReference; lastKnownFileType = sourcecode.swift; path = HeadingComponent.swift; sourceTree = "<group>"; };
		41B708DA28C75350007C39A0 /* InsetGalleryComponent.swift */ = {isa = PBXFileReference; lastKnownFileType = sourcecode.swift; path = InsetGalleryComponent.swift; sourceTree = "<group>"; };
		41B708DC28C79AE9007C39A0 /* InsetFactComponent.swift */ = {isa = PBXFileReference; lastKnownFileType = sourcecode.swift; path = InsetFactComponent.swift; sourceTree = "<group>"; };
		41B708DE28C91828007C39A0 /* lnsetMapComponent.swift */ = {isa = PBXFileReference; lastKnownFileType = sourcecode.swift; path = lnsetMapComponent.swift; sourceTree = "<group>"; };
		41B708E028C99B39007C39A0 /* ExternalWebComponent.swift */ = {isa = PBXFileReference; lastKnownFileType = sourcecode.swift; path = ExternalWebComponent.swift; sourceTree = "<group>"; };
		41B708E228D226F2007C39A0 /* VideoModel.swift */ = {isa = PBXFileReference; lastKnownFileType = sourcecode.swift; path = VideoModel.swift; sourceTree = "<group>"; };
/* End PBXFileReference section */

/* Begin PBXFrameworksBuildPhase section */
		41948D5E28B90F510091E343 /* Frameworks */ = {
			isa = PBXFrameworksBuildPhase;
			buildActionMask = 2147483647;
			files = (
			);
			runOnlyForDeploymentPostprocessing = 0;
		};
/* End PBXFrameworksBuildPhase section */

/* Begin PBXGroup section */
		4149232428D3B4E700B308D7 /* Helper */ = {
			isa = PBXGroup;
			children = (
				4149232528D3B50D00B308D7 /* VideoPlayerHelper.swift */,
			);
			path = Helper;
			sourceTree = "<group>";
		};
		4176E22F28BA3F2B00DC42D2 /* Extensions */ = {
			isa = PBXGroup;
			children = (
				4176E23028BA3F6700DC42D2 /* CodableBundleExtension.swift */,
			);
			path = Extensions;
			sourceTree = "<group>";
		};
		41948D5828B90F510091E343 = {
			isa = PBXGroup;
			children = (
				41948D6328B90F510091E343 /* Africa */,
				41948D6228B90F510091E343 /* Products */,
			);
			sourceTree = "<group>";
		};
		41948D6228B90F510091E343 /* Products */ = {
			isa = PBXGroup;
			children = (
				41948D6128B90F510091E343 /* Africa.app */,
			);
			name = Products;
			sourceTree = "<group>";
		};
		41948D6328B90F510091E343 /* Africa */ = {
			isa = PBXGroup;
			children = (
				4149232428D3B4E700B308D7 /* Helper */,
				4176E22F28BA3F2B00DC42D2 /* Extensions */,
				41948D8B28B912DF0091E343 /* Info.plist */,
				41948D7628B90FCF0091E343 /* Videos */,
				41948D7528B90FBE0091E343 /* Components */,
				41948D7428B90FB40091E343 /* View */,
				41948D7328B90FA90091E343 /* Models */,
				41948D7228B90F8D0091E343 /* Data */,
				41948D6828B90F540091E343 /* Assets.xcassets */,
				41948D6A28B90F540091E343 /* Preview Content */,
			);
			path = Africa;
			sourceTree = "<group>";
		};
		41948D6A28B90F540091E343 /* Preview Content */ = {
			isa = PBXGroup;
			children = (
				41948D6B28B90F540091E343 /* Preview Assets.xcassets */,
			);
			path = "Preview Content";
			sourceTree = "<group>";
		};
		41948D7228B90F8D0091E343 /* Data */ = {
			isa = PBXGroup;
			children = (
				4176E22528BA13FF00DC42D2 /* animals.json */,
				4176E22728BA140000DC42D2 /* covers.json */,
				4176E22828BA140100DC42D2 /* locations.json */,
				4176E22628BA140000DC42D2 /* videos.json */,
			);
			path = Data;
			sourceTree = "<group>";
		};
		41948D7328B90FA90091E343 /* Models */ = {
			isa = PBXGroup;
			children = (
				4176E22D28BA142500DC42D2 /* CoverImageModel.swift */,
				41B708D428BAAF29007C39A0 /* AnimalModel.swift */,
				41B708E228D226F2007C39A0 /* VideoModel.swift */,
				4149232728D6C86100B308D7 /* LocationModel.swift */,
			);
			path = Models;
			sourceTree = "<group>";
		};
		41948D7428B90FB40091E343 /* View */ = {
			isa = PBXGroup;
			children = (
				41948D6428B90F510091E343 /* AfricaApp.swift */,
				41948D6628B90F510091E343 /* ContentView.swift */,
				41948D8C28B96E550091E343 /* VideoListView.swift */,
				41948D8E28B96E900091E343 /* GalleryView.swift */,
				41948D9028B96E9E0091E343 /* MapView.swift */,
				41948D9228B96EAC0091E343 /* MainView.swift */,
			);
			path = View;
			sourceTree = "<group>";
		};
		41948D7528B90FBE0091E343 /* Components */ = {
			isa = PBXGroup;
			children = (
				41948D9628B973E50091E343 /* CoverImageComponent.swift */,
				4176E23428BA666500DC42D2 /* AnimalLsitComponent.swift */,
				41B708D628BB194E007C39A0 /* AnimalDetailComponent.swift */,
				41B708D828BBAC95007C39A0 /* HeadingComponent.swift */,
				41B708DA28C75350007C39A0 /* InsetGalleryComponent.swift */,
				41B708DC28C79AE9007C39A0 /* InsetFactComponent.swift */,
				41B708DE28C91828007C39A0 /* lnsetMapComponent.swift */,
				41B708E028C99B39007C39A0 /* ExternalWebComponent.swift */,
				4149232028D2562700B308D7 /* VideoListItemComponent.swift */,
				4149232228D3B1AE00B308D7 /* VideoPlayerComponent.swift */,
			);
			path = Components;
			sourceTree = "<group>";
		};
		41948D7628B90FCF0091E343 /* Videos */ = {
			isa = PBXGroup;
			children = (
				41948D7B28B911BE0091E343 /* cheetah.mp4 */,
				41948D7928B911BD0091E343 /* elephant.mp4 */,
				41948D7E28B911BF0091E343 /* giraffe.mp4 */,
				41948D7A28B911BD0091E343 /* gorilla.mp4 */,
				41948D7C28B911BE0091E343 /* hippo.mp4 */,
				41948D7728B911BC0091E343 /* lion.mp4 */,
				41948D7F28B911BF0091E343 /* lioness.mp4 */,
				41948D7828B911BC0091E343 /* ostrich.mp4 */,
				41948D8028B911C00091E343 /* rhino.mp4 */,
				41948D7D28B911BE0091E343 /* zebra.mp4 */,
			);
			path = Videos;
			sourceTree = "<group>";
		};
/* End PBXGroup section */

/* Begin PBXNativeTarget section */
		41948D6028B90F510091E343 /* Africa */ = {
			isa = PBXNativeTarget;
			buildConfigurationList = 41948D6F28B90F540091E343 /* Build configuration list for PBXNativeTarget "Africa" */;
			buildPhases = (
				41948D5D28B90F510091E343 /* Sources */,
				41948D5E28B90F510091E343 /* Frameworks */,
				41948D5F28B90F510091E343 /* Resources */,
			);
			buildRules = (
			);
			dependencies = (
			);
			name = Africa;
			productName = Africa;
			productReference = 41948D6128B90F510091E343 /* Africa.app */;
			productType = "com.apple.product-type.application";
		};
/* End PBXNativeTarget section */

/* Begin PBXProject section */
		41948D5928B90F510091E343 /* Project object */ = {
			isa = PBXProject;
			attributes = {
				BuildIndependentTargetsInParallel = 1;
				LastSwiftUpdateCheck = 1320;
				LastUpgradeCheck = 1320;
				TargetAttributes = {
					41948D6028B90F510091E343 = {
						CreatedOnToolsVersion = 13.2.1;
					};
				};
			};
			buildConfigurationList = 41948D5C28B90F510091E343 /* Build configuration list for PBXProject "Africa" */;
			compatibilityVersion = "Xcode 13.0";
			developmentRegion = en;
			hasScannedForEncodings = 0;
			knownRegions = (
				en,
				Base,
			);
			mainGroup = 41948D5828B90F510091E343;
			productRefGroup = 41948D6228B90F510091E343 /* Products */;
			projectDirPath = "";
			projectRoot = "";
			targets = (
				41948D6028B90F510091E343 /* Africa */,
			);
		};
/* End PBXProject section */

/* Begin PBXResourcesBuildPhase section */
		41948D5F28B90F510091E343 /* Resources */ = {
			isa = PBXResourcesBuildPhase;
			buildActionMask = 2147483647;
			files = (
				41948D8A28B911C00091E343 /* rhino.mp4 in Resources */,
				41948D8628B911C00091E343 /* hippo.mp4 in Resources */,
				4176E22C28BA140100DC42D2 /* locations.json in Resources */,
				41948D8928B911C00091E343 /* lioness.mp4 in Resources */,
				4176E22A28BA140100DC42D2 /* videos.json in Resources */,
				41948D6C28B90F540091E343 /* Preview Assets.xcassets in Resources */,
				41948D8128B911C00091E343 /* lion.mp4 in Resources */,
				41948D8228B911C00091E343 /* ostrich.mp4 in Resources */,
				41948D8828B911C00091E343 /* giraffe.mp4 in Resources */,
				4176E22928BA140100DC42D2 /* animals.json in Resources */,
				41948D8328B911C00091E343 /* elephant.mp4 in Resources */,
				4176E22B28BA140100DC42D2 /* covers.json in Resources */,
				41948D8428B911C00091E343 /* gorilla.mp4 in Resources */,
				41948D6928B90F540091E343 /* Assets.xcassets in Resources */,
				41948D8728B911C00091E343 /* zebra.mp4 in Resources */,
				41948D8528B911C00091E343 /* cheetah.mp4 in Resources */,
			);
			runOnlyForDeploymentPostprocessing = 0;
		};
/* End PBXResourcesBuildPhase section */

/* Begin PBXSourcesBuildPhase section */
		41948D5D28B90F510091E343 /* Sources */ = {
			isa = PBXSourcesBuildPhase;
			buildActionMask = 2147483647;
			files = (
				41B708DB28C75350007C39A0 /* InsetGalleryComponent.swift in Sources */,
				41948D6728B90F510091E343 /* ContentView.swift in Sources */,
				41B708DD28C79AE9007C39A0 /* InsetFactComponent.swift in Sources */,
				4176E23528BA666500DC42D2 /* AnimalLsitComponent.swift in Sources */,
				41948D9728B973E50091E343 /* CoverImageComponent.swift in Sources */,
				4149232128D2562700B308D7 /* VideoListItemComponent.swift in Sources */,
				41948D9328B96EAC0091E343 /* MainView.swift in Sources */,
				41B708E128C99B3A007C39A0 /* ExternalWebComponent.swift in Sources */,
				41948D6528B90F510091E343 /* AfricaApp.swift in Sources */,
				41B708D528BAAF29007C39A0 /* AnimalModel.swift in Sources */,
				4149232628D3B50D00B308D7 /* VideoPlayerHelper.swift in Sources */,
				41B708D728BB194E007C39A0 /* AnimalDetailComponent.swift in Sources */,
				41B708DF28C91828007C39A0 /* lnsetMapComponent.swift in Sources */,
				41948D9128B96E9E0091E343 /* MapView.swift in Sources */,
				4176E22E28BA142500DC42D2 /* CoverImageModel.swift in Sources */,
				4149232328D3B1AE00B308D7 /* VideoPlayerComponent.swift in Sources */,
				4149232828D6C86100B308D7 /* LocationModel.swift in Sources */,
				41B708E328D226F2007C39A0 /* VideoModel.swift in Sources */,
				41948D8D28B96E550091E343 /* VideoListView.swift in Sources */,
				41B708D928BBAC95007C39A0 /* HeadingComponent.swift in Sources */,
				41948D8F28B96E900091E343 /* GalleryView.swift in Sources */,
				4176E23128BA3F6700DC42D2 /* CodableBundleExtension.swift in Sources */,
			);
			runOnlyForDeploymentPostprocessing = 0;
		};
/* End PBXSourcesBuildPhase section */

/* Begin XCBuildConfiguration section */
		41948D6D28B90F540091E343 /* Debug */ = {
			isa = XCBuildConfiguration;
			buildSettings = {
				ALWAYS_SEARCH_USER_PATHS = NO;
				CLANG_ANALYZER_NONNULL = YES;
				CLANG_ANALYZER_NUMBER_OBJECT_CONVERSION = YES_AGGRESSIVE;
				CLANG_CXX_LANGUAGE_STANDARD = "gnu++17";
				CLANG_CXX_LIBRARY = "libc++";
				CLANG_ENABLE_MODULES = YES;
				CLANG_ENABLE_OBJC_ARC = YES;
				CLANG_ENABLE_OBJC_WEAK = YES;
				CLANG_WARN_BLOCK_CAPTURE_AUTORELEASING = YES;
				CLANG_WARN_BOOL_CONVERSION = YES;
				CLANG_WARN_COMMA = YES;
				CLANG_WARN_CONSTANT_CONVERSION = YES;
				CLANG_WARN_DEPRECATED_OBJC_IMPLEMENTATIONS = YES;
				CLANG_WARN_DIRECT_OBJC_ISA_USAGE = YES_ERROR;
				CLANG_WARN_DOCUMENTATION_COMMENTS = YES;
				CLANG_WARN_EMPTY_BODY = YES;
				CLANG_WARN_ENUM_CONVERSION = YES;
				CLANG_WARN_INFINITE_RECURSION = YES;
				CLANG_WARN_INT_CONVERSION = YES;
				CLANG_WARN_NON_LITERAL_NULL_CONVERSION = YES;
				CLANG_WARN_OBJC_IMPLICIT_RETAIN_SELF = YES;
				CLANG_WARN_OBJC_LITERAL_CONVERSION = YES;
				CLANG_WARN_OBJC_ROOT_CLASS = YES_ERROR;
				CLANG_WARN_QUOTED_INCLUDE_IN_FRAMEWORK_HEADER = YES;
				CLANG_WARN_RANGE_LOOP_ANALYSIS = YES;
				CLANG_WARN_STRICT_PROTOTYPES = YES;
				CLANG_WARN_SUSPICIOUS_MOVE = YES;
				CLANG_WARN_UNGUARDED_AVAILABILITY = YES_AGGRESSIVE;
				CLANG_WARN_UNREACHABLE_CODE = YES;
				CLANG_WARN__DUPLICATE_METHOD_MATCH = YES;
				COPY_PHASE_STRIP = NO;
				DEBUG_INFORMATION_FORMAT = dwarf;
				ENABLE_STRICT_OBJC_MSGSEND = YES;
				ENABLE_TESTABILITY = YES;
				GCC_C_LANGUAGE_STANDARD = gnu11;
				GCC_DYNAMIC_NO_PIC = NO;
				GCC_NO_COMMON_BLOCKS = YES;
				GCC_OPTIMIZATION_LEVEL = 0;
				GCC_PREPROCESSOR_DEFINITIONS = (
					"DEBUG=1",
					"$(inherited)",
				);
				GCC_WARN_64_TO_32_BIT_CONVERSION = YES;
				GCC_WARN_ABOUT_RETURN_TYPE = YES_ERROR;
				GCC_WARN_UNDECLARED_SELECTOR = YES;
				GCC_WARN_UNINITIALIZED_AUTOS = YES_AGGRESSIVE;
				GCC_WARN_UNUSED_FUNCTION = YES;
				GCC_WARN_UNUSED_VARIABLE = YES;
				IPHONEOS_DEPLOYMENT_TARGET = 15.2;
				MTL_ENABLE_DEBUG_INFO = INCLUDE_SOURCE;
				MTL_FAST_MATH = YES;
				ONLY_ACTIVE_ARCH = YES;
				SDKROOT = iphoneos;
				SWIFT_ACTIVE_COMPILATION_CONDITIONS = DEBUG;
				SWIFT_OPTIMIZATION_LEVEL = "-Onone";
			};
			name = Debug;
		};
		41948D6E28B90F540091E343 /* Release */ = {
			isa = XCBuildConfiguration;
			buildSettings = {
				ALWAYS_SEARCH_USER_PATHS = NO;
				CLANG_ANALYZER_NONNULL = YES;
				CLANG_ANALYZER_NUMBER_OBJECT_CONVERSION = YES_AGGRESSIVE;
				CLANG_CXX_LANGUAGE_STANDARD = "gnu++17";
				CLANG_CXX_LIBRARY = "libc++";
				CLANG_ENABLE_MODULES = YES;
				CLANG_ENABLE_OBJC_ARC = YES;
				CLANG_ENABLE_OBJC_WEAK = YES;
				CLANG_WARN_BLOCK_CAPTURE_AUTORELEASING = YES;
				CLANG_WARN_BOOL_CONVERSION = YES;
				CLANG_WARN_COMMA = YES;
				CLANG_WARN_CONSTANT_CONVERSION = YES;
				CLANG_WARN_DEPRECATED_OBJC_IMPLEMENTATIONS = YES;
				CLANG_WARN_DIRECT_OBJC_ISA_USAGE = YES_ERROR;
				CLANG_WARN_DOCUMENTATION_COMMENTS = YES;
				CLANG_WARN_EMPTY_BODY = YES;
				CLANG_WARN_ENUM_CONVERSION = YES;
				CLANG_WARN_INFINITE_RECURSION = YES;
				CLANG_WARN_INT_CONVERSION = YES;
				CLANG_WARN_NON_LITERAL_NULL_CONVERSION = YES;
				CLANG_WARN_OBJC_IMPLICIT_RETAIN_SELF = YES;
				CLANG_WARN_OBJC_LITERAL_CONVERSION = YES;
				CLANG_WARN_OBJC_ROOT_CLASS = YES_ERROR;
				CLANG_WARN_QUOTED_INCLUDE_IN_FRAMEWORK_HEADER = YES;
				CLANG_WARN_RANGE_LOOP_ANALYSIS = YES;
				CLANG_WARN_STRICT_PROTOTYPES = YES;
				CLANG_WARN_SUSPICIOUS_MOVE = YES;
				CLANG_WARN_UNGUARDED_AVAILABILITY = YES_AGGRESSIVE;
				CLANG_WARN_UNREACHABLE_CODE = YES;
				CLANG_WARN__DUPLICATE_METHOD_MATCH = YES;
				COPY_PHASE_STRIP = NO;
				DEBUG_INFORMATION_FORMAT = "dwarf-with-dsym";
				ENABLE_NS_ASSERTIONS = NO;
				ENABLE_STRICT_OBJC_MSGSEND = YES;
				GCC_C_LANGUAGE_STANDARD = gnu11;
				GCC_NO_COMMON_BLOCKS = YES;
				GCC_WARN_64_TO_32_BIT_CONVERSION = YES;
				GCC_WARN_ABOUT_RETURN_TYPE = YES_ERROR;
				GCC_WARN_UNDECLARED_SELECTOR = YES;
				GCC_WARN_UNINITIALIZED_AUTOS = YES_AGGRESSIVE;
				GCC_WARN_UNUSED_FUNCTION = YES;
				GCC_WARN_UNUSED_VARIABLE = YES;
				IPHONEOS_DEPLOYMENT_TARGET = 15.2;
				MTL_ENABLE_DEBUG_INFO = NO;
				MTL_FAST_MATH = YES;
				SDKROOT = iphoneos;
				SWIFT_COMPILATION_MODE = wholemodule;
				SWIFT_OPTIMIZATION_LEVEL = "-O";
				VALIDATE_PRODUCT = YES;
			};
			name = Release;
		};
		41948D7028B90F540091E343 /* Debug */ = {
			isa = XCBuildConfiguration;
			buildSettings = {
				ASSETCATALOG_COMPILER_APPICON_NAME = AppIcon;
				ASSETCATALOG_COMPILER_GLOBAL_ACCENT_COLOR_NAME = AccentColor;
				CODE_SIGN_STYLE = Automatic;
				CURRENT_PROJECT_VERSION = 1;
				DEVELOPMENT_ASSET_PATHS = "\"Africa/Preview Content\"";
				DEVELOPMENT_TEAM = T76MCQRV73;
				ENABLE_PREVIEWS = YES;
				GENERATE_INFOPLIST_FILE = YES;
				INFOPLIST_FILE = Africa/Info.plist;
				INFOPLIST_KEY_UIApplicationSceneManifest_Generation = YES;
				INFOPLIST_KEY_UIApplicationSupportsIndirectInputEvents = YES;
				INFOPLIST_KEY_UISupportedInterfaceOrientations = "";
				INFOPLIST_KEY_UISupportedInterfaceOrientations_iPad = "UIInterfaceOrientationPortrait UIInterfaceOrientationPortraitUpsideDown UIInterfaceOrientationLandscapeLeft UIInterfaceOrientationLandscapeRight";
				INFOPLIST_KEY_UISupportedInterfaceOrientations_iPhone = "UIInterfaceOrientationPortrait UIInterfaceOrientationLandscapeLeft UIInterfaceOrientationLandscapeRight";
				INFOPLIST_KEY_UIUserInterfaceStyle = Dark;
				LD_RUNPATH_SEARCH_PATHS = (
					"$(inherited)",
					"@executable_path/Frameworks",
				);
				MARKETING_VERSION = 1.0;
				PRODUCT_BUNDLE_IDENTIFIER = com.AliAljabri.Africa;
				PRODUCT_NAME = "$(TARGET_NAME)";
				SWIFT_EMIT_LOC_STRINGS = YES;
				SWIFT_VERSION = 5.0;
				TARGETED_DEVICE_FAMILY = "1,2";
			};
			name = Debug;
		};
		41948D7128B90F540091E343 /* Release */ = {
			isa = XCBuildConfiguration;
			buildSettings = {
				ASSETCATALOG_COMPILER_APPICON_NAME = AppIcon;
				ASSETCATALOG_COMPILER_GLOBAL_ACCENT_COLOR_NAME = AccentColor;
				CODE_SIGN_STYLE = Automatic;
				CURRENT_PROJECT_VERSION = 1;
				DEVELOPMENT_ASSET_PATHS = "\"Africa/Preview Content\"";
				DEVELOPMENT_TEAM = T76MCQRV73;
				ENABLE_PREVIEWS = YES;
				GENERATE_INFOPLIST_FILE = YES;
				INFOPLIST_FILE = Africa/Info.plist;
				INFOPLIST_KEY_UIApplicationSceneManifest_Generation = YES;
				INFOPLIST_KEY_UIApplicationSupportsIndirectInputEvents = YES;
				INFOPLIST_KEY_UISupportedInterfaceOrientations = "";
				INFOPLIST_KEY_UISupportedInterfaceOrientations_iPad = "UIInterfaceOrientationPortrait UIInterfaceOrientationPortraitUpsideDown UIInterfaceOrientationLandscapeLeft UIInterfaceOrientationLandscapeRight";
				INFOPLIST_KEY_UISupportedInterfaceOrientations_iPhone = "UIInterfaceOrientationPortrait UIInterfaceOrientationLandscapeLeft UIInterfaceOrientationLandscapeRight";
				INFOPLIST_KEY_UIUserInterfaceStyle = Dark;
				LD_RUNPATH_SEARCH_PATHS = (
					"$(inherited)",
					"@executable_path/Frameworks",
				);
				MARKETING_VERSION = 1.0;
				PRODUCT_BUNDLE_IDENTIFIER = com.AliAljabri.Africa;
				PRODUCT_NAME = "$(TARGET_NAME)";
				SWIFT_EMIT_LOC_STRINGS = YES;
				SWIFT_VERSION = 5.0;
				TARGETED_DEVICE_FAMILY = "1,2";
			};
			name = Release;
		};
/* End XCBuildConfiguration section */

/* Begin XCConfigurationList section */
		41948D5C28B90F510091E343 /* Build configuration list for PBXProject "Africa" */ = {
			isa = XCConfigurationList;
			buildConfigurations = (
				41948D6D28B90F540091E343 /* Debug */,
				41948D6E28B90F540091E343 /* Release */,
			);
			defaultConfigurationIsVisible = 0;
			defaultConfigurationName = Release;
		};
		41948D6F28B90F540091E343 /* Build configuration list for PBXNativeTarget "Africa" */ = {
			isa = XCConfigurationList;
			buildConfigurations = (
				41948D7028B90F540091E343 /* Debug */,
				41948D7128B90F540091E343 /* Release */,
			);
			defaultConfigurationIsVisible = 0;
			defaultConfigurationName = Release;
		};
/* End XCConfigurationList section */
	};
	rootObject = 41948D5928B90F510091E343 /* Project object */;
}
